
Microsoft Visual Studio Solution File, Format Version 11.00
# Visual C++ Express 2010
Project("{8BC9CEB8-8B4A-11D0-8D11-00A0C91BC942}") = "game_backend", "game_backend\game_backend.vcxproj", "{D6254B84-21DD-492F-9CBA-CB0B6C3A8DF3}"
EndProject
Global
	GlobalSection(SolutionConfigurationPlatforms) = preSolution
		Debug|Win32 = Debug|Win32
		Release|Win32 = Release|Win32
	EndGlobalSection
	GlobalSection(ProjectConfigurationPlatforms) = postSolution
		{D6254B84-21DD-492F-9CBA-CB0B6C3A8DF3}.Debug|Win32.ActiveCfg = Debug|Win32
		{D6254B84-21DD-492F-9CBA-CB0B6C3A8DF3}.Debug|Win32.Build.0 = Debug|Win32
		{D6254B84-21DD-492F-9CBA-CB0B6C3A8DF3}.Release|Win32.ActiveCfg = Release|Win32
		{D6254B84-21DD-492F-9CBA-CB0B6C3A8DF3}.Release|Win32.Build.0 = Release|Win32
	EndGlobalSection
	GlobalSection(SolutionProperties) = preSolution
		HideSolutionNode = FALSE
	EndGlobalSection
EndGlobal
