<?xml version="1.0" encoding="utf-8"?>
<Project ToolsVersion="4.0" xmlns="http://schemas.microsoft.com/developer/msbuild/2003">
  <ItemGroup>
    <ClCompile Include="Action.cpp" />
    <ClCompile Include="ActionTypes.cpp" />
    <ClCompile Include="Animation.cpp" />
    <ClCompile Include="CollisionManager.cpp" />
    <ClCompile Include="Event.cpp" />
    <ClCompile Include="Game.cpp" />
    <ClCompile Include="GameObject.cpp" />
    <ClCompile Include="GameObjectManager.cpp" />
    <ClCompile Include="InputHandler.cpp" />
    <ClCompile Include="main.cpp" />
    <ClCompile Include="Model.cpp" />
    <ClCompile Include="Sound.cpp" />
    <ClCompile Include="SoundManager.cpp" />
    <ClCompile Include="Camera.cpp" />
  </ItemGroup>
  <ItemGroup>
<<<<<<< HEAD
    <ClCompile Include="main.cpp">
      <Filter>Source Files</Filter>
    </ClCompile>
    <ClCompile Include="Game.cpp">
      <Filter>Source Files</Filter>
    </ClCompile>
    <ClCompile Include="GameObject.cpp">
      <Filter>Source Files</Filter>
    </ClCompile>
    <ClCompile Include="InputHandler.cpp">
      <Filter>Source Files</Filter>
    </ClCompile>
    <ClCompile Include="Animation.cpp">
      <Filter>Source Files</Filter>
    </ClCompile>
    <ClCompile Include="Model.cpp">
      <Filter>Source Files</Filter>
    </ClCompile>
    <ClCompile Include="GameObjectManager.cpp">
      <Filter>Source Files</Filter>
    </ClCompile>
    <ClCompile Include="ActionTypes.cpp">
      <Filter>Source Files</Filter>
    </ClCompile>
    <ClCompile Include="Action.cpp">
      <Filter>Source Files</Filter>
    </ClCompile>
    <ClCompile Include="Event.cpp">
      <Filter>Source Files</Filter>
    </ClCompile>
<<<<<<< Updated upstream
<<<<<<< HEAD
    <ClCompile Include="CollisionManager.cpp">
=======
    <ClCompile Include="Sound.cpp">
      <Filter>Source Files</Filter>
    </ClCompile>
    <ClCompile Include="SoundManager.cpp">
>>>>>>> sound_manager
=======
    <ClCompile Include="FileManager.cpp">
      <Filter>Source Files</Filter>
    </ClCompile>
    <ClCompile Include="Jzon.cpp">
>>>>>>> Stashed changes
      <Filter>Source Files</Filter>
    </ClCompile>
  </ItemGroup>
  <ItemGroup>
    <ClInclude Include="GameObject.h">
      <Filter>Source Files</Filter>
    </ClInclude>
    <ClInclude Include="Vector2D.h">
      <Filter>Source Files</Filter>
    </ClInclude>
    <ClInclude Include="Game.h">
      <Filter>Source Files</Filter>
    </ClInclude>
    <ClInclude Include="InputHandler.h">
      <Filter>Source Files</Filter>
    </ClInclude>
    <ClInclude Include="Event.h">
      <Filter>Source Files</Filter>
    </ClInclude>
    <ClInclude Include="Animation.h">
      <Filter>Source Files</Filter>
    </ClInclude>
    <ClInclude Include="Model.h">
      <Filter>Source Files</Filter>
    </ClInclude>
    <ClInclude Include="Action.h">
      <Filter>Source Files</Filter>
    </ClInclude>
    <ClInclude Include="GameObjectManager.h">
      <Filter>Source Files</Filter>
    </ClInclude>
    <ClInclude Include="EventAction.h">
      <Filter>Source Files</Filter>
    </ClInclude>
    <ClInclude Include="ActionTypes.h">
      <Filter>Source Files</Filter>
    </ClInclude>
<<<<<<< Updated upstream
<<<<<<< HEAD
    <ClInclude Include="CollisionPolygon.h">
      <Filter>Source Files</Filter>
    </ClInclude>
    <ClInclude Include="CollisionManager.h">
=======
    <ClInclude Include="Sound.h">
      <Filter>Source Files</Filter>
    </ClInclude>
    <ClInclude Include="SoundManager.h">
>>>>>>> sound_manager
=======
    <ClInclude Include="dirent.h">
      <Filter>Source Files</Filter>
    </ClInclude>
    <ClInclude Include="FileManager.h">
      <Filter>Source Files</Filter>
    </ClInclude>
    <ClInclude Include="Jzon.h">
>>>>>>> Stashed changes
      <Filter>Source Files</Filter>
    </ClInclude>
=======
    <ClInclude Include="Action.h" />
    <ClInclude Include="ActionTypes.h" />
    <ClInclude Include="Animation.h" />
    <ClInclude Include="CollisionManager.h" />
    <ClInclude Include="CollisionPolygon.h" />
    <ClInclude Include="Event.h" />
    <ClInclude Include="EventAction.h" />
    <ClInclude Include="Game.h" />
    <ClInclude Include="GameObject.h" />
    <ClInclude Include="GameObjectManager.h" />
    <ClInclude Include="InputHandler.h" />
    <ClInclude Include="Model.h" />
    <ClInclude Include="Sound.h" />
    <ClInclude Include="SoundManager.h" />
    <ClInclude Include="Vector2D.h" />
    <ClInclude Include="Camera.h" />
>>>>>>> 0d09611df5587c403aff862f82e3bc1e0d413e53
  </ItemGroup>
</Project>